
Microsoft Visual Studio Solution File, Format Version 11.00
# Visual Studio 2010
Project("{FAE04EC0-301F-11D3-BF4B-00C04F79EFBC}") = "DocPlus", "DocPlus\DocPlus.csproj", "{B38929F9-E202-4268-901C-B4155EA48D26}"
EndProject
Project("{FAE04EC0-301F-11D3-BF4B-00C04F79EFBC}") = "Core", "Core\Core.csproj", "{E7B70917-888C-48EE-B8BB-140A84838FB7}"
EndProject
Project("{FAE04EC0-301F-11D3-BF4B-00C04F79EFBC}") = "Javascript", "Javascript\Javascript.csproj", "{8C736F03-B28D-46B7-97F0-6DDAE27F7585}"
EndProject
Project("{E24C65DC-7377-472B-9ABA-BC803B73C61A}") = "ShareApp", "ShareApp\", "{C96EE6DE-BB70-48A9-80C0-5E5C721F7DF8}"
	ProjectSection(WebsiteProperties) = preProject
		TargetFrameworkMoniker = ".NETFramework,Version%3Dv3.5"
		Debug.AspNetCompiler.VirtualPath = "/ShareApp"
		Debug.AspNetCompiler.PhysicalPath = "ShareApp\"
		Debug.AspNetCompiler.TargetPath = "PrecompiledWeb\ShareApp\"
		Debug.AspNetCompiler.Updateable = "true"
		Debug.AspNetCompiler.ForceOverwrite = "true"
		Debug.AspNetCompiler.FixedNames = "false"
		Debug.AspNetCompiler.Debug = "True"
		Release.AspNetCompiler.VirtualPath = "/ShareApp"
		Release.AspNetCompiler.PhysicalPath = "ShareApp\"
		Release.AspNetCompiler.TargetPath = "PrecompiledWeb\ShareApp\"
		Release.AspNetCompiler.Updateable = "true"
		Release.AspNetCompiler.ForceOverwrite = "true"
		Release.AspNetCompiler.FixedNames = "false"
		Release.AspNetCompiler.Debug = "False"
		VWDPort = "25346"
		DefaultWebSiteLanguage = "Visual C#"
	EndProjectSection
EndProject
Project("{FAE04EC0-301F-11D3-BF4B-00C04F79EFBC}") = "Javascript.Test", "Test\Javascript.Test\Javascript.Test.csproj", "{26EA4DD9-65F1-4739-9052-186A5BCBC665}"
EndProject
Project("{FAE04EC0-301F-11D3-BF4B-00C04F79EFBC}") = "Javascript.Demo", "Test\Javascript.Demo\Javascript.Demo.csproj", "{785D69A9-3338-4436-97EF-1761699D0069}"
EndProject
Project("{2150E333-8FDC-42A3-9474-1A3956D46DE8}") = "Test", "Test", "{C78B9F3A-2F63-4308-8BD8-3B397E7A0255}"
EndProject
Project("{2150E333-8FDC-42A3-9474-1A3956D46DE8}") = "App", "App", "{93D71A95-2C88-4D97-841A-208F07325DF9}"
EndProject
Project("{2150E333-8FDC-42A3-9474-1A3956D46DE8}") = "DocParser", "DocParser", "{D88D4262-1E43-4A26-8C4F-7B7A27D8576A}"
EndProject
Project("{FAE04EC0-301F-11D3-BF4B-00C04F79EFBC}") = "DocPlus.Console", "DocPlus.Console\DocPlus.Console.csproj", "{1E8FCE7B-3FAF-4FA6-984C-103F6A2208CC}"
EndProject
Global
	GlobalSection(SolutionConfigurationPlatforms) = preSolution
		Debug|Any CPU = Debug|Any CPU
		Debug|Mixed Platforms = Debug|Mixed Platforms
		Debug|x86 = Debug|x86
		Release|Any CPU = Release|Any CPU
		Release|Mixed Platforms = Release|Mixed Platforms
		Release|x86 = Release|x86
	EndGlobalSection
	GlobalSection(ProjectConfigurationPlatforms) = postSolution
		{B38929F9-E202-4268-901C-B4155EA48D26}.Debug|Any CPU.ActiveCfg = Debug|x86
		{B38929F9-E202-4268-901C-B4155EA48D26}.Debug|Mixed Platforms.ActiveCfg = Debug|x86
		{B38929F9-E202-4268-901C-B4155EA48D26}.Debug|Mixed Platforms.Build.0 = Debug|x86
		{B38929F9-E202-4268-901C-B4155EA48D26}.Debug|x86.ActiveCfg = Debug|x86
		{B38929F9-E202-4268-901C-B4155EA48D26}.Debug|x86.Build.0 = Debug|x86
		{B38929F9-E202-4268-901C-B4155EA48D26}.Release|Any CPU.ActiveCfg = Release|x86
		{B38929F9-E202-4268-901C-B4155EA48D26}.Release|Mixed Platforms.ActiveCfg = Release|x86
		{B38929F9-E202-4268-901C-B4155EA48D26}.Release|Mixed Platforms.Build.0 = Release|x86
		{B38929F9-E202-4268-901C-B4155EA48D26}.Release|x86.ActiveCfg = Release|x86
		{B38929F9-E202-4268-901C-B4155EA48D26}.Release|x86.Build.0 = Release|x86
		{E7B70917-888C-48EE-B8BB-140A84838FB7}.Debug|Any CPU.ActiveCfg = Debug|Any CPU
		{E7B70917-888C-48EE-B8BB-140A84838FB7}.Debug|Any CPU.Build.0 = Debug|Any CPU
		{E7B70917-888C-48EE-B8BB-140A84838FB7}.Debug|Mixed Platforms.ActiveCfg = Debug|Any CPU
		{E7B70917-888C-48EE-B8BB-140A84838FB7}.Debug|Mixed Platforms.Build.0 = Debug|Any CPU
		{E7B70917-888C-48EE-B8BB-140A84838FB7}.Debug|x86.ActiveCfg = Debug|Any CPU
		{E7B70917-888C-48EE-B8BB-140A84838FB7}.Release|Any CPU.ActiveCfg = Release|Any CPU
		{E7B70917-888C-48EE-B8BB-140A84838FB7}.Release|Any CPU.Build.0 = Release|Any CPU
		{E7B70917-888C-48EE-B8BB-140A84838FB7}.Release|Mixed Platforms.ActiveCfg = Release|Any CPU
		{E7B70917-888C-48EE-B8BB-140A84838FB7}.Release|Mixed Platforms.Build.0 = Release|Any CPU
		{E7B70917-888C-48EE-B8BB-140A84838FB7}.Release|x86.ActiveCfg = Release|Any CPU
		{8C736F03-B28D-46B7-97F0-6DDAE27F7585}.Debug|Any CPU.ActiveCfg = Debug|x86
		{8C736F03-B28D-46B7-97F0-6DDAE27F7585}.Debug|Mixed Platforms.ActiveCfg = Debug|x86
		{8C736F03-B28D-46B7-97F0-6DDAE27F7585}.Debug|Mixed Platforms.Build.0 = Debug|x86
		{8C736F03-B28D-46B7-97F0-6DDAE27F7585}.Debug|x86.ActiveCfg = Debug|x86
		{8C736F03-B28D-46B7-97F0-6DDAE27F7585}.Debug|x86.Build.0 = Debug|x86
		{8C736F03-B28D-46B7-97F0-6DDAE27F7585}.Release|Any CPU.ActiveCfg = Release|x86
		{8C736F03-B28D-46B7-97F0-6DDAE27F7585}.Release|Mixed Platforms.ActiveCfg = Release|x86
		{8C736F03-B28D-46B7-97F0-6DDAE27F7585}.Release|Mixed Platforms.Build.0 = Release|x86
		{8C736F03-B28D-46B7-97F0-6DDAE27F7585}.Release|x86.ActiveCfg = Release|x86
		{8C736F03-B28D-46B7-97F0-6DDAE27F7585}.Release|x86.Build.0 = Release|x86
		{C96EE6DE-BB70-48A9-80C0-5E5C721F7DF8}.Debug|Any CPU.ActiveCfg = Debug|Any CPU
		{C96EE6DE-BB70-48A9-80C0-5E5C721F7DF8}.Debug|Any CPU.Build.0 = Debug|Any CPU
		{C96EE6DE-BB70-48A9-80C0-5E5C721F7DF8}.Debug|Mixed Platforms.ActiveCfg = Debug|Any CPU
		{C96EE6DE-BB70-48A9-80C0-5E5C721F7DF8}.Debug|Mixed Platforms.Build.0 = Debug|Any CPU
		{C96EE6DE-BB70-48A9-80C0-5E5C721F7DF8}.Debug|x86.ActiveCfg = Debug|Any CPU
		{C96EE6DE-BB70-48A9-80C0-5E5C721F7DF8}.Release|Any CPU.ActiveCfg = Debug|Any CPU
		{C96EE6DE-BB70-48A9-80C0-5E5C721F7DF8}.Release|Any CPU.Build.0 = Debug|Any CPU
		{C96EE6DE-BB70-48A9-80C0-5E5C721F7DF8}.Release|Mixed Platforms.ActiveCfg = Debug|Any CPU
		{C96EE6DE-BB70-48A9-80C0-5E5C721F7DF8}.Release|Mixed Platforms.Build.0 = Debug|Any CPU
		{C96EE6DE-BB70-48A9-80C0-5E5C721F7DF8}.Release|x86.ActiveCfg = Debug|Any CPU
		{26EA4DD9-65F1-4739-9052-186A5BCBC665}.Debug|Any CPU.ActiveCfg = Debug|x86
		{26EA4DD9-65F1-4739-9052-186A5BCBC665}.Debug|Mixed Platforms.ActiveCfg = Debug|x86
		{26EA4DD9-65F1-4739-9052-186A5BCBC665}.Debug|Mixed Platforms.Build.0 = Debug|x86
		{26EA4DD9-65F1-4739-9052-186A5BCBC665}.Debug|x86.ActiveCfg = Debug|x86
		{26EA4DD9-65F1-4739-9052-186A5BCBC665}.Debug|x86.Build.0 = Debug|x86
		{26EA4DD9-65F1-4739-9052-186A5BCBC665}.Release|Any CPU.ActiveCfg = Release|x86
		{26EA4DD9-65F1-4739-9052-186A5BCBC665}.Release|Mixed Platforms.ActiveCfg = Release|x86
		{26EA4DD9-65F1-4739-9052-186A5BCBC665}.Release|Mixed Platforms.Build.0 = Release|x86
		{26EA4DD9-65F1-4739-9052-186A5BCBC665}.Release|x86.ActiveCfg = Release|x86
		{26EA4DD9-65F1-4739-9052-186A5BCBC665}.Release|x86.Build.0 = Release|x86
		{785D69A9-3338-4436-97EF-1761699D0069}.Debug|Any CPU.ActiveCfg = Debug|x86
		{785D69A9-3338-4436-97EF-1761699D0069}.Debug|Mixed Platforms.ActiveCfg = Debug|x86
		{785D69A9-3338-4436-97EF-1761699D0069}.Debug|Mixed Platforms.Build.0 = Debug|x86
		{785D69A9-3338-4436-97EF-1761699D0069}.Debug|x86.ActiveCfg = Debug|x86
		{785D69A9-3338-4436-97EF-1761699D0069}.Debug|x86.Build.0 = Debug|x86
		{785D69A9-3338-4436-97EF-1761699D0069}.Release|Any CPU.ActiveCfg = Release|x86
		{785D69A9-3338-4436-97EF-1761699D0069}.Release|Mixed Platforms.ActiveCfg = Release|x86
		{785D69A9-3338-4436-97EF-1761699D0069}.Release|Mixed Platforms.Build.0 = Release|x86
		{785D69A9-3338-4436-97EF-1761699D0069}.Release|x86.ActiveCfg = Release|x86
		{785D69A9-3338-4436-97EF-1761699D0069}.Release|x86.Build.0 = Release|x86
		{1E8FCE7B-3FAF-4FA6-984C-103F6A2208CC}.Debug|Any CPU.ActiveCfg = Debug|x86
		{1E8FCE7B-3FAF-4FA6-984C-103F6A2208CC}.Debug|Mixed Platforms.ActiveCfg = Debug|x86
		{1E8FCE7B-3FAF-4FA6-984C-103F6A2208CC}.Debug|Mixed Platforms.Build.0 = Debug|x86
		{1E8FCE7B-3FAF-4FA6-984C-103F6A2208CC}.Debug|x86.ActiveCfg = Debug|x86
		{1E8FCE7B-3FAF-4FA6-984C-103F6A2208CC}.Debug|x86.Build.0 = Debug|x86
		{1E8FCE7B-3FAF-4FA6-984C-103F6A2208CC}.Release|Any CPU.ActiveCfg = Release|x86
		{1E8FCE7B-3FAF-4FA6-984C-103F6A2208CC}.Release|Mixed Platforms.ActiveCfg = Release|x86
		{1E8FCE7B-3FAF-4FA6-984C-103F6A2208CC}.Release|Mixed Platforms.Build.0 = Release|x86
		{1E8FCE7B-3FAF-4FA6-984C-103F6A2208CC}.Release|x86.ActiveCfg = Release|x86
		{1E8FCE7B-3FAF-4FA6-984C-103F6A2208CC}.Release|x86.Build.0 = Release|x86
	EndGlobalSection
	GlobalSection(SolutionProperties) = preSolution
		HideSolutionNode = FALSE
	EndGlobalSection
	GlobalSection(NestedProjects) = preSolution
		{C96EE6DE-BB70-48A9-80C0-5E5C721F7DF8} = {93D71A95-2C88-4D97-841A-208F07325DF9}
		{B38929F9-E202-4268-901C-B4155EA48D26} = {93D71A95-2C88-4D97-841A-208F07325DF9}
		{1E8FCE7B-3FAF-4FA6-984C-103F6A2208CC} = {93D71A95-2C88-4D97-841A-208F07325DF9}
		{8C736F03-B28D-46B7-97F0-6DDAE27F7585} = {D88D4262-1E43-4A26-8C4F-7B7A27D8576A}
		{E7B70917-888C-48EE-B8BB-140A84838FB7} = {D88D4262-1E43-4A26-8C4F-7B7A27D8576A}
		{785D69A9-3338-4436-97EF-1761699D0069} = {C78B9F3A-2F63-4308-8BD8-3B397E7A0255}
		{26EA4DD9-65F1-4739-9052-186A5BCBC665} = {C78B9F3A-2F63-4308-8BD8-3B397E7A0255}
	EndGlobalSection
EndGlobal
